{
  "version": "v1",
  "packages": {
    "gatsby-plugin-typedoc": {
      "signature": "0efb015ed83f43accae6752e84fd9fda",
      "file": true,
      "replaced": "^0.1.0"
    },
    "@docpocalypse/gatsby-theme-core": {
      "signature": "c054fd208b6368dac7ebe9d98e477840",
      "file": true
    }
  }
}